
Microsoft Visual Studio Solution File, Format Version 12.00
# Visual Studio Version 17
VisualStudioVersion = 17.3.32825.248
MinimumVisualStudioVersion = 10.0.40219.1
Project("{FAE04EC0-301F-11D3-BF4B-00C04F79EFBC}") = "BeatMakerAPI", "BeatMakerAPI\BeatMakerAPI.csproj", "{1DD8CBAD-2D71-4C5C-AF5E-6DC105AF17CB}"
EndProject
Global
	GlobalSection(SolutionConfigurationPlatforms) = preSolution
		Debug|Any CPU = Debug|Any CPU
		Release|Any CPU = Release|Any CPU
	EndGlobalSection
	GlobalSection(ProjectConfigurationPlatforms) = postSolution
		{1DD8CBAD-2D71-4C5C-AF5E-6DC105AF17CB}.Debug|Any CPU.ActiveCfg = Debug|Any CPU
		{1DD8CBAD-2D71-4C5C-AF5E-6DC105AF17CB}.Debug|Any CPU.Build.0 = Debug|Any CPU
		{1DD8CBAD-2D71-4C5C-AF5E-6DC105AF17CB}.Release|Any CPU.ActiveCfg = Release|Any CPU
		{1DD8CBAD-2D71-4C5C-AF5E-6DC105AF17CB}.Release|Any CPU.Build.0 = Release|Any CPU
	EndGlobalSection
	GlobalSection(SolutionProperties) = preSolution
		HideSolutionNode = FALSE
	EndGlobalSection
	GlobalSection(ExtensibilityGlobals) = postSolution
		SolutionGuid = {FEA2C4CB-0E0B-42F0-9A1D-520EE8A6EB43}
	EndGlobalSection
EndGlobal
